
Microsoft Visual Studio Solution File, Format Version 12.00
# Visual Studio 15
Project("{FAE04EC0-301F-11D3-BF4B-00C04F79EFBC}") = "Unity.Timeline", "Unity.Timeline.csproj", "{A69EC61E-2E3F-5377-2362-7F124D50980D}"
EndProject
Project("{FAE04EC0-301F-11D3-BF4B-00C04F79EFBC}") = "Unity.PlasticSCM.Editor", "Unity.PlasticSCM.Editor.csproj", "{7654DA56-0083-4C78-DC9C-348FDB4E7985}"
EndProject
Project("{FAE04EC0-301F-11D3-BF4B-00C04F79EFBC}") = "Unity.2D.Aseprite.Editor", "Unity.2D.Aseprite.Editor.csproj", "{4756DFB3-4F77-5CFD-411B-FE34C9F1EDA6}"
EndProject
Project("{FAE04EC0-301F-11D3-BF4B-00C04F79EFBC}") = "Unity.Mathematics", "Unity.Mathematics.csproj", "{B6867D51-50AF-6382-95D6-93765D8E5AFD}"
EndProject
Project("{FAE04EC0-301F-11D3-BF4B-00C04F79EFBC}") = "Unity.Timeline.Editor", "Unity.Timeline.Editor.csproj", "{BCBE81C9-C7DD-44C8-4A5B-73078267D0EB}"
EndProject
Project("{FAE04EC0-301F-11D3-BF4B-00C04F79EFBC}") = "Unity.Cinemachine.Editor", "Unity.Cinemachine.Editor.csproj", "{21767897-63E2-DC38-58E2-A63DADF3F292}"
EndProject
Project("{FAE04EC0-301F-11D3-BF4B-00C04F79EFBC}") = "Unity.Collections", "Unity.Collections.csproj", "{78084DF9-E521-2368-0A59-C3E284295993}"
EndProject
Project("{FAE04EC0-301F-11D3-BF4B-00C04F79EFBC}") = "Unity.2D.IK.Runtime", "Unity.2D.IK.Runtime.csproj", "{5401E370-59EB-A060-14ED-9F6513E86762}"
EndProject
Project("{FAE04EC0-301F-11D3-BF4B-00C04F79EFBC}") = "Unity.2D.Psdimporter.Editor", "Unity.2D.Psdimporter.Editor.csproj", "{AFE1E05D-0064-D4CA-3C5D-E0E6371C76DC}"
EndProject
Project("{FAE04EC0-301F-11D3-BF4B-00C04F79EFBC}") = "Unity.VisualScripting.Core.Editor", "Unity.VisualScripting.Core.Editor.csproj", "{DB6B71E3-28BA-46EF-92C2-0B02007ECBD3}"
EndProject
Project("{FAE04EC0-301F-11D3-BF4B-00C04F79EFBC}") = "Unity.PerformanceTesting.Editor", "Unity.PerformanceTesting.Editor.csproj", "{A6D1528A-8F75-2A15-C201-8D5BDE16958E}"
EndProject
Project("{FAE04EC0-301F-11D3-BF4B-00C04F79EFBC}") = "UnityEngine.TestRunner", "UnityEngine.TestRunner.csproj", "{E9274E8C-5454-BC12-BAE0-4E56B6767A34}"
EndProject
Project("{FAE04EC0-301F-11D3-BF4B-00C04F79EFBC}") = "Unity.Burst", "Unity.Burst.csproj", "{DAA0ECC9-46B8-B0DA-2E50-E5288C2B4CCF}"
EndProject
Project("{FAE04EC0-301F-11D3-BF4B-00C04F79EFBC}") = "Unity.VisualScripting.Flow.Editor", "Unity.VisualScripting.Flow.Editor.csproj", "{C05B574B-5E94-63D1-3F7C-A9C1CBEAF240}"
EndProject
Project("{FAE04EC0-301F-11D3-BF4B-00C04F79EFBC}") = "Unity.2D.SpriteShape.Editor", "Unity.2D.SpriteShape.Editor.csproj", "{77263138-345A-25A4-7D25-C0997BAA6A17}"
EndProject
Project("{FAE04EC0-301F-11D3-BF4B-00C04F79EFBC}") = "Unity.VisualStudio.Editor", "Unity.VisualStudio.Editor.csproj", "{05772C65-E596-E0AF-A79C-1B62F8C4E991}"
EndProject
Project("{FAE04EC0-301F-11D3-BF4B-00C04F79EFBC}") = "Unity.InputSystem", "Unity.InputSystem.csproj", "{EAFC500F-F77F-C566-7786-76643ECBAC7D}"
EndProject
Project("{FAE04EC0-301F-11D3-BF4B-00C04F79EFBC}") = "Unity.2D.Animation.Editor", "Unity.2D.Animation.Editor.csproj", "{ABFC0BE9-5C4A-2FA3-47E0-6DA6C65B005E}"
EndProject
Project("{FAE04EC0-301F-11D3-BF4B-00C04F79EFBC}") = "Unity.Searcher.Editor", "Unity.Searcher.Editor.csproj", "{5664314A-72F5-CF69-B6BA-A77921D83026}"
EndProject
Project("{FAE04EC0-301F-11D3-BF4B-00C04F79EFBC}") = "Unity.2D.SpriteShape.Runtime", "Unity.2D.SpriteShape.Runtime.csproj", "{48909DA6-0D78-2B32-A834-CD68BA32387F}"
EndProject
Project("{FAE04EC0-301F-11D3-BF4B-00C04F79EFBC}") = "UnityEditor.TestRunner", "UnityEditor.TestRunner.csproj", "{12B3CCA7-F61E-0484-3B05-19C087ACF0AE}"
EndProject
Project("{FAE04EC0-301F-11D3-BF4B-00C04F79EFBC}") = "Unity.VisualScripting.Core", "Unity.VisualScripting.Core.csproj", "{679B3DE0-DC3A-FF92-6442-2311CC3DE212}"
EndProject
Project("{FAE04EC0-301F-11D3-BF4B-00C04F79EFBC}") = "Unity.CollabProxy.Editor", "Unity.CollabProxy.Editor.csproj", "{2D4F765E-EEB8-44B1-88D4-266232D29A19}"
EndProject
Project("{FAE04EC0-301F-11D3-BF4B-00C04F79EFBC}") = "Unity.VisualScripting.State.Editor", "Unity.VisualScripting.State.Editor.csproj", "{1D9FBE65-7092-72CA-D97E-F86FA729FD5B}"
EndProject
Project("{FAE04EC0-301F-11D3-BF4B-00C04F79EFBC}") = "Unity.Burst.CodeGen", "Unity.Burst.CodeGen.csproj", "{01B1DBEB-DD85-A293-5811-46BB3661782A}"
EndProject
Project("{FAE04EC0-301F-11D3-BF4B-00C04F79EFBC}") = "Unity.Cinemachine", "Unity.Cinemachine.csproj", "{BB256D36-BFF1-9684-AA8D-4004C53E5626}"
EndProject
Project("{FAE04EC0-301F-11D3-BF4B-00C04F79EFBC}") = "Unity.VisualScripting.Flow", "Unity.VisualScripting.Flow.csproj", "{50397DBA-DE9B-87CB-A2F6-BA519DBDD184}"
EndProject
Project("{FAE04EC0-301F-11D3-BF4B-00C04F79EFBC}") = "Unity.Splines.Editor", "Unity.Splines.Editor.csproj", "{A629DEE1-E956-767E-E0A2-7B432A5A9F9B}"
EndProject
Project("{FAE04EC0-301F-11D3-BF4B-00C04F79EFBC}") = "Unity.Splines", "Unity.Splines.csproj", "{B69A49F1-87E3-E307-737B-A168F0D14B82}"
EndProject
Project("{FAE04EC0-301F-11D3-BF4B-00C04F79EFBC}") = "Unity.PerformanceTesting", "Unity.PerformanceTesting.csproj", "{7F622213-43C3-8ECD-DDE7-F109F74C5599}"
EndProject
Project("{FAE04EC0-301F-11D3-BF4B-00C04F79EFBC}") = "Unity.2D.Tilemap.Extras.Editor", "Unity.2D.Tilemap.Extras.Editor.csproj", "{2B5D7272-46A3-EAB0-478C-081F99B19403}"
EndProject
Project("{FAE04EC0-301F-11D3-BF4B-00C04F79EFBC}") = "PsdPlugin", "PsdPlugin.csproj", "{4C4A590E-16B6-56E7-91D5-F4C6A72E3226}"
EndProject
Project("{FAE04EC0-301F-11D3-BF4B-00C04F79EFBC}") = "Unity.2D.IK.Editor", "Unity.2D.IK.Editor.csproj", "{6B808A7D-18DF-FAE0-C4E4-4F820FD5A4D5}"
EndProject
Project("{FAE04EC0-301F-11D3-BF4B-00C04F79EFBC}") = "Unity.InternalAPIEngineBridge.001", "Unity.InternalAPIEngineBridge.001.csproj", "{832CA908-E0B0-D3BE-2014-5132D977EB3E}"
EndProject
Project("{FAE04EC0-301F-11D3-BF4B-00C04F79EFBC}") = "Unity.2D.Aseprite.Common", "Unity.2D.Aseprite.Common.csproj", "{35E6A321-D1C2-1937-2703-0A21FB020268}"
EndProject
Project("{FAE04EC0-301F-11D3-BF4B-00C04F79EFBC}") = "Unity.Burst.Editor", "Unity.Burst.Editor.csproj", "{90AA62DF-DBCA-DEA6-6752-9F974FF380FA}"
EndProject
Project("{FAE04EC0-301F-11D3-BF4B-00C04F79EFBC}") = "Unity.2D.Common.Path.Editor", "Unity.2D.Common.Path.Editor.csproj", "{6D94C48D-1486-4EC3-C183-C7A908709E16}"
EndProject
Project("{FAE04EC0-301F-11D3-BF4B-00C04F79EFBC}") = "Unity.2D.Common.Editor", "Unity.2D.Common.Editor.csproj", "{77565A20-18B4-2188-47CD-28F604BD3C3A}"
EndProject
Project("{FAE04EC0-301F-11D3-BF4B-00C04F79EFBC}") = "Unity.Rider.Editor", "Unity.Rider.Editor.csproj", "{0174A5FC-1994-3362-632E-20749F21B7FB}"
EndProject
Project("{FAE04EC0-301F-11D3-BF4B-00C04F79EFBC}") = "Unity.VisualScripting.State", "Unity.VisualScripting.State.csproj", "{638A2214-C365-6E1B-9389-B478696A9D9A}"
EndProject
Project("{FAE04EC0-301F-11D3-BF4B-00C04F79EFBC}") = "Unity.InternalAPIEditorBridge.001", "Unity.InternalAPIEditorBridge.001.csproj", "{E433264C-90A9-8956-2A99-C19A2E069752}"
EndProject
Project("{FAE04EC0-301F-11D3-BF4B-00C04F79EFBC}") = "Unity.2D.PixelPerfect.Editor", "Unity.2D.PixelPerfect.Editor.csproj", "{274538A6-AA31-5A2C-5A22-CE3272635AD0}"
EndProject
Project("{FAE04EC0-301F-11D3-BF4B-00C04F79EFBC}") = "Unity.InputSystem.ForUI", "Unity.InputSystem.ForUI.csproj", "{CEA08D79-D8E6-53F1-766F-D3116D2A5A24}"
EndProject
Project("{FAE04EC0-301F-11D3-BF4B-00C04F79EFBC}") = "Unity.Collections.CodeGen", "Unity.Collections.CodeGen.csproj", "{F7C6CF49-17DD-01C5-202C-47A59BC2F204}"
EndProject
Project("{FAE04EC0-301F-11D3-BF4B-00C04F79EFBC}") = "Unity.2D.Tilemap.Extras", "Unity.2D.Tilemap.Extras.csproj", "{5B167A50-3A65-97A6-D75A-2A836784DFEB}"
EndProject
Project("{FAE04EC0-301F-11D3-BF4B-00C04F79EFBC}") = "Unity.2D.Animation.Runtime", "Unity.2D.Animation.Runtime.csproj", "{99B7E4DC-C9A7-8594-CF1D-836584C532CE}"
EndProject
Project("{FAE04EC0-301F-11D3-BF4B-00C04F79EFBC}") = "Unity.Mathematics.Editor", "Unity.Mathematics.Editor.csproj", "{3D2BB496-55B2-868B-84F6-CB9C6EBD541A}"
EndProject
Project("{FAE04EC0-301F-11D3-BF4B-00C04F79EFBC}") = "Unity.VisualScripting.SettingsProvider.Editor", "Unity.VisualScripting.SettingsProvider.Editor.csproj", "{146AD7BD-CD8C-5ABE-ACAC-313C48705C9D}"
EndProject
Project("{FAE04EC0-301F-11D3-BF4B-00C04F79EFBC}") = "Assembly-CSharp", "Assembly-CSharp.csproj", "{21D09AEF-5D74-786F-26E7-2F1AD5B6393A}"
EndProject
Project("{FAE04EC0-301F-11D3-BF4B-00C04F79EFBC}") = "Unity.Settings.Editor", "Unity.Settings.Editor.csproj", "{B4904336-3E6D-71E8-22CF-35EEAD21A634}"
EndProject
Project("{FAE04EC0-301F-11D3-BF4B-00C04F79EFBC}") = "Unity.InputSystem.TestFramework", "Unity.InputSystem.TestFramework.csproj", "{7E09A0C9-678C-B953-DDA0-2A24C8707887}"
EndProject
Project("{FAE04EC0-301F-11D3-BF4B-00C04F79EFBC}") = "Unity.VisualScripting.Shared.Editor", "Unity.VisualScripting.Shared.Editor.csproj", "{CAA3A4BC-8111-2EDD-513B-C004475C5474}"
EndProject
Project("{FAE04EC0-301F-11D3-BF4B-00C04F79EFBC}") = "Unity.2D.Common.Runtime", "Unity.2D.Common.Runtime.csproj", "{BA9438B4-E812-3F63-2C51-1C521E48ADD9}"
EndProject
Project("{FAE04EC0-301F-11D3-BF4B-00C04F79EFBC}") = "Unity.2D.PixelPerfect", "Unity.2D.PixelPerfect.csproj", "{436C86EF-22CE-A4CB-2999-F4C13AEE75BC}"
EndProject
Project("{FAE04EC0-301F-11D3-BF4B-00C04F79EFBC}") = "ScriptablePacker", "ScriptablePacker.csproj", "{188B04DC-585E-DC0A-C891-F7ECA2B36C42}"
EndProject
Project("{FAE04EC0-301F-11D3-BF4B-00C04F79EFBC}") = "Unity.Collections.Editor", "Unity.Collections.Editor.csproj", "{D7EBAEB9-FB40-DFCC-273D-887340606177}"
EndProject
Global
	GlobalSection(SolutionConfigurationPlatforms) = preSolution
		Debug|Any CPU = Debug|Any CPU
		Release|Any CPU = Release|Any CPU
	EndGlobalSection
	GlobalSection(ProjectConfigurationPlatforms) = postSolution
		{A69EC61E-2E3F-5377-2362-7F124D50980D}.Debug|Any CPU.ActiveCfg = Debug|Any CPU
		{A69EC61E-2E3F-5377-2362-7F124D50980D}.Debug|Any CPU.Build.0 = Debug|Any CPU
		{A69EC61E-2E3F-5377-2362-7F124D50980D}.Release|Any CPU.ActiveCfg = Release|Any CPU
		{A69EC61E-2E3F-5377-2362-7F124D50980D}.Release|Any CPU.Build.0 = Release|Any CPU
		{7654DA56-0083-4C78-DC9C-348FDB4E7985}.Debug|Any CPU.ActiveCfg = Debug|Any CPU
		{7654DA56-0083-4C78-DC9C-348FDB4E7985}.Debug|Any CPU.Build.0 = Debug|Any CPU
		{7654DA56-0083-4C78-DC9C-348FDB4E7985}.Release|Any CPU.ActiveCfg = Release|Any CPU
		{7654DA56-0083-4C78-DC9C-348FDB4E7985}.Release|Any CPU.Build.0 = Release|Any CPU
		{4756DFB3-4F77-5CFD-411B-FE34C9F1EDA6}.Debug|Any CPU.ActiveCfg = Debug|Any CPU
		{4756DFB3-4F77-5CFD-411B-FE34C9F1EDA6}.Debug|Any CPU.Build.0 = Debug|Any CPU
		{4756DFB3-4F77-5CFD-411B-FE34C9F1EDA6}.Release|Any CPU.ActiveCfg = Release|Any CPU
		{4756DFB3-4F77-5CFD-411B-FE34C9F1EDA6}.Release|Any CPU.Build.0 = Release|Any CPU
		{B6867D51-50AF-6382-95D6-93765D8E5AFD}.Debug|Any CPU.ActiveCfg = Debug|Any CPU
		{B6867D51-50AF-6382-95D6-93765D8E5AFD}.Debug|Any CPU.Build.0 = Debug|Any CPU
		{B6867D51-50AF-6382-95D6-93765D8E5AFD}.Release|Any CPU.ActiveCfg = Release|Any CPU
		{B6867D51-50AF-6382-95D6-93765D8E5AFD}.Release|Any CPU.Build.0 = Release|Any CPU
		{BCBE81C9-C7DD-44C8-4A5B-73078267D0EB}.Debug|Any CPU.ActiveCfg = Debug|Any CPU
		{BCBE81C9-C7DD-44C8-4A5B-73078267D0EB}.Debug|Any CPU.Build.0 = Debug|Any CPU
		{BCBE81C9-C7DD-44C8-4A5B-73078267D0EB}.Release|Any CPU.ActiveCfg = Release|Any CPU
		{BCBE81C9-C7DD-44C8-4A5B-73078267D0EB}.Release|Any CPU.Build.0 = Release|Any CPU
		{21767897-63E2-DC38-58E2-A63DADF3F292}.Debug|Any CPU.ActiveCfg = Debug|Any CPU
		{21767897-63E2-DC38-58E2-A63DADF3F292}.Debug|Any CPU.Build.0 = Debug|Any CPU
		{21767897-63E2-DC38-58E2-A63DADF3F292}.Release|Any CPU.ActiveCfg = Release|Any CPU
		{21767897-63E2-DC38-58E2-A63DADF3F292}.Release|Any CPU.Build.0 = Release|Any CPU
		{78084DF9-E521-2368-0A59-C3E284295993}.Debug|Any CPU.ActiveCfg = Debug|Any CPU
		{78084DF9-E521-2368-0A59-C3E284295993}.Debug|Any CPU.Build.0 = Debug|Any CPU
		{78084DF9-E521-2368-0A59-C3E284295993}.Release|Any CPU.ActiveCfg = Release|Any CPU
		{78084DF9-E521-2368-0A59-C3E284295993}.Release|Any CPU.Build.0 = Release|Any CPU
		{5401E370-59EB-A060-14ED-9F6513E86762}.Debug|Any CPU.ActiveCfg = Debug|Any CPU
		{5401E370-59EB-A060-14ED-9F6513E86762}.Debug|Any CPU.Build.0 = Debug|Any CPU
		{5401E370-59EB-A060-14ED-9F6513E86762}.Release|Any CPU.ActiveCfg = Release|Any CPU
		{5401E370-59EB-A060-14ED-9F6513E86762}.Release|Any CPU.Build.0 = Release|Any CPU
		{AFE1E05D-0064-D4CA-3C5D-E0E6371C76DC}.Debug|Any CPU.ActiveCfg = Debug|Any CPU
		{AFE1E05D-0064-D4CA-3C5D-E0E6371C76DC}.Debug|Any CPU.Build.0 = Debug|Any CPU
		{AFE1E05D-0064-D4CA-3C5D-E0E6371C76DC}.Release|Any CPU.ActiveCfg = Release|Any CPU
		{AFE1E05D-0064-D4CA-3C5D-E0E6371C76DC}.Release|Any CPU.Build.0 = Release|Any CPU
		{DB6B71E3-28BA-46EF-92C2-0B02007ECBD3}.Debug|Any CPU.ActiveCfg = Debug|Any CPU
		{DB6B71E3-28BA-46EF-92C2-0B02007ECBD3}.Debug|Any CPU.Build.0 = Debug|Any CPU
		{DB6B71E3-28BA-46EF-92C2-0B02007ECBD3}.Release|Any CPU.ActiveCfg = Release|Any CPU
		{DB6B71E3-28BA-46EF-92C2-0B02007ECBD3}.Release|Any CPU.Build.0 = Release|Any CPU
		{A6D1528A-8F75-2A15-C201-8D5BDE16958E}.Debug|Any CPU.ActiveCfg = Debug|Any CPU
		{A6D1528A-8F75-2A15-C201-8D5BDE16958E}.Debug|Any CPU.Build.0 = Debug|Any CPU
		{A6D1528A-8F75-2A15-C201-8D5BDE16958E}.Release|Any CPU.ActiveCfg = Release|Any CPU
		{A6D1528A-8F75-2A15-C201-8D5BDE16958E}.Release|Any CPU.Build.0 = Release|Any CPU
		{E9274E8C-5454-BC12-BAE0-4E56B6767A34}.Debug|Any CPU.ActiveCfg = Debug|Any CPU
		{E9274E8C-5454-BC12-BAE0-4E56B6767A34}.Debug|Any CPU.Build.0 = Debug|Any CPU
		{E9274E8C-5454-BC12-BAE0-4E56B6767A34}.Release|Any CPU.ActiveCfg = Release|Any CPU
		{E9274E8C-5454-BC12-BAE0-4E56B6767A34}.Release|Any CPU.Build.0 = Release|Any CPU
		{DAA0ECC9-46B8-B0DA-2E50-E5288C2B4CCF}.Debug|Any CPU.ActiveCfg = Debug|Any CPU
		{DAA0ECC9-46B8-B0DA-2E50-E5288C2B4CCF}.Debug|Any CPU.Build.0 = Debug|Any CPU
		{DAA0ECC9-46B8-B0DA-2E50-E5288C2B4CCF}.Release|Any CPU.ActiveCfg = Release|Any CPU
		{DAA0ECC9-46B8-B0DA-2E50-E5288C2B4CCF}.Release|Any CPU.Build.0 = Release|Any CPU
		{C05B574B-5E94-63D1-3F7C-A9C1CBEAF240}.Debug|Any CPU.ActiveCfg = Debug|Any CPU
		{C05B574B-5E94-63D1-3F7C-A9C1CBEAF240}.Debug|Any CPU.Build.0 = Debug|Any CPU
		{C05B574B-5E94-63D1-3F7C-A9C1CBEAF240}.Release|Any CPU.ActiveCfg = Release|Any CPU
		{C05B574B-5E94-63D1-3F7C-A9C1CBEAF240}.Release|Any CPU.Build.0 = Release|Any CPU
		{77263138-345A-25A4-7D25-C0997BAA6A17}.Debug|Any CPU.ActiveCfg = Debug|Any CPU
		{77263138-345A-25A4-7D25-C0997BAA6A17}.Debug|Any CPU.Build.0 = Debug|Any CPU
		{77263138-345A-25A4-7D25-C0997BAA6A17}.Release|Any CPU.ActiveCfg = Release|Any CPU
		{77263138-345A-25A4-7D25-C0997BAA6A17}.Release|Any CPU.Build.0 = Release|Any CPU
		{05772C65-E596-E0AF-A79C-1B62F8C4E991}.Debug|Any CPU.ActiveCfg = Debug|Any CPU
		{05772C65-E596-E0AF-A79C-1B62F8C4E991}.Debug|Any CPU.Build.0 = Debug|Any CPU
		{05772C65-E596-E0AF-A79C-1B62F8C4E991}.Release|Any CPU.ActiveCfg = Release|Any CPU
		{05772C65-E596-E0AF-A79C-1B62F8C4E991}.Release|Any CPU.Build.0 = Release|Any CPU
		{EAFC500F-F77F-C566-7786-76643ECBAC7D}.Debug|Any CPU.ActiveCfg = Debug|Any CPU
		{EAFC500F-F77F-C566-7786-76643ECBAC7D}.Debug|Any CPU.Build.0 = Debug|Any CPU
		{EAFC500F-F77F-C566-7786-76643ECBAC7D}.Release|Any CPU.ActiveCfg = Release|Any CPU
		{EAFC500F-F77F-C566-7786-76643ECBAC7D}.Release|Any CPU.Build.0 = Release|Any CPU
		{ABFC0BE9-5C4A-2FA3-47E0-6DA6C65B005E}.Debug|Any CPU.ActiveCfg = Debug|Any CPU
		{ABFC0BE9-5C4A-2FA3-47E0-6DA6C65B005E}.Debug|Any CPU.Build.0 = Debug|Any CPU
		{ABFC0BE9-5C4A-2FA3-47E0-6DA6C65B005E}.Release|Any CPU.ActiveCfg = Release|Any CPU
		{ABFC0BE9-5C4A-2FA3-47E0-6DA6C65B005E}.Release|Any CPU.Build.0 = Release|Any CPU
		{5664314A-72F5-CF69-B6BA-A77921D83026}.Debug|Any CPU.ActiveCfg = Debug|Any CPU
		{5664314A-72F5-CF69-B6BA-A77921D83026}.Debug|Any CPU.Build.0 = Debug|Any CPU
		{5664314A-72F5-CF69-B6BA-A77921D83026}.Release|Any CPU.ActiveCfg = Release|Any CPU
		{5664314A-72F5-CF69-B6BA-A77921D83026}.Release|Any CPU.Build.0 = Release|Any CPU
		{48909DA6-0D78-2B32-A834-CD68BA32387F}.Debug|Any CPU.ActiveCfg = Debug|Any CPU
		{48909DA6-0D78-2B32-A834-CD68BA32387F}.Debug|Any CPU.Build.0 = Debug|Any CPU
		{48909DA6-0D78-2B32-A834-CD68BA32387F}.Release|Any CPU.ActiveCfg = Release|Any CPU
		{48909DA6-0D78-2B32-A834-CD68BA32387F}.Release|Any CPU.Build.0 = Release|Any CPU
		{12B3CCA7-F61E-0484-3B05-19C087ACF0AE}.Debug|Any CPU.ActiveCfg = Debug|Any CPU
		{12B3CCA7-F61E-0484-3B05-19C087ACF0AE}.Debug|Any CPU.Build.0 = Debug|Any CPU
		{12B3CCA7-F61E-0484-3B05-19C087ACF0AE}.Release|Any CPU.ActiveCfg = Release|Any CPU
		{12B3CCA7-F61E-0484-3B05-19C087ACF0AE}.Release|Any CPU.Build.0 = Release|Any CPU
		{679B3DE0-DC3A-FF92-6442-2311CC3DE212}.Debug|Any CPU.ActiveCfg = Debug|Any CPU
		{679B3DE0-DC3A-FF92-6442-2311CC3DE212}.Debug|Any CPU.Build.0 = Debug|Any CPU
		{679B3DE0-DC3A-FF92-6442-2311CC3DE212}.Release|Any CPU.ActiveCfg = Release|Any CPU
		{679B3DE0-DC3A-FF92-6442-2311CC3DE212}.Release|Any CPU.Build.0 = Release|Any CPU
		{2D4F765E-EEB8-44B1-88D4-266232D29A19}.Debug|Any CPU.ActiveCfg = Debug|Any CPU
		{2D4F765E-EEB8-44B1-88D4-266232D29A19}.Debug|Any CPU.Build.0 = Debug|Any CPU
		{2D4F765E-EEB8-44B1-88D4-266232D29A19}.Release|Any CPU.ActiveCfg = Release|Any CPU
		{2D4F765E-EEB8-44B1-88D4-266232D29A19}.Release|Any CPU.Build.0 = Release|Any CPU
		{1D9FBE65-7092-72CA-D97E-F86FA729FD5B}.Debug|Any CPU.ActiveCfg = Debug|Any CPU
		{1D9FBE65-7092-72CA-D97E-F86FA729FD5B}.Debug|Any CPU.Build.0 = Debug|Any CPU
		{1D9FBE65-7092-72CA-D97E-F86FA729FD5B}.Release|Any CPU.ActiveCfg = Release|Any CPU
		{1D9FBE65-7092-72CA-D97E-F86FA729FD5B}.Release|Any CPU.Build.0 = Release|Any CPU
		{01B1DBEB-DD85-A293-5811-46BB3661782A}.Debug|Any CPU.ActiveCfg = Debug|Any CPU
		{01B1DBEB-DD85-A293-5811-46BB3661782A}.Debug|Any CPU.Build.0 = Debug|Any CPU
		{01B1DBEB-DD85-A293-5811-46BB3661782A}.Release|Any CPU.ActiveCfg = Release|Any CPU
		{01B1DBEB-DD85-A293-5811-46BB3661782A}.Release|Any CPU.Build.0 = Release|Any CPU
		{BB256D36-BFF1-9684-AA8D-4004C53E5626}.Debug|Any CPU.ActiveCfg = Debug|Any CPU
		{BB256D36-BFF1-9684-AA8D-4004C53E5626}.Debug|Any CPU.Build.0 = Debug|Any CPU
		{BB256D36-BFF1-9684-AA8D-4004C53E5626}.Release|Any CPU.ActiveCfg = Release|Any CPU
		{BB256D36-BFF1-9684-AA8D-4004C53E5626}.Release|Any CPU.Build.0 = Release|Any CPU
		{50397DBA-DE9B-87CB-A2F6-BA519DBDD184}.Debug|Any CPU.ActiveCfg = Debug|Any CPU
		{50397DBA-DE9B-87CB-A2F6-BA519DBDD184}.Debug|Any CPU.Build.0 = Debug|Any CPU
		{50397DBA-DE9B-87CB-A2F6-BA519DBDD184}.Release|Any CPU.ActiveCfg = Release|Any CPU
		{50397DBA-DE9B-87CB-A2F6-BA519DBDD184}.Release|Any CPU.Build.0 = Release|Any CPU
		{A629DEE1-E956-767E-E0A2-7B432A5A9F9B}.Debug|Any CPU.ActiveCfg = Debug|Any CPU
		{A629DEE1-E956-767E-E0A2-7B432A5A9F9B}.Debug|Any CPU.Build.0 = Debug|Any CPU
		{A629DEE1-E956-767E-E0A2-7B432A5A9F9B}.Release|Any CPU.ActiveCfg = Release|Any CPU
		{A629DEE1-E956-767E-E0A2-7B432A5A9F9B}.Release|Any CPU.Build.0 = Release|Any CPU
		{B69A49F1-87E3-E307-737B-A168F0D14B82}.Debug|Any CPU.ActiveCfg = Debug|Any CPU
		{B69A49F1-87E3-E307-737B-A168F0D14B82}.Debug|Any CPU.Build.0 = Debug|Any CPU
		{B69A49F1-87E3-E307-737B-A168F0D14B82}.Release|Any CPU.ActiveCfg = Release|Any CPU
		{B69A49F1-87E3-E307-737B-A168F0D14B82}.Release|Any CPU.Build.0 = Release|Any CPU
		{7F622213-43C3-8ECD-DDE7-F109F74C5599}.Debug|Any CPU.ActiveCfg = Debug|Any CPU
		{7F622213-43C3-8ECD-DDE7-F109F74C5599}.Debug|Any CPU.Build.0 = Debug|Any CPU
		{7F622213-43C3-8ECD-DDE7-F109F74C5599}.Release|Any CPU.ActiveCfg = Release|Any CPU
		{7F622213-43C3-8ECD-DDE7-F109F74C5599}.Release|Any CPU.Build.0 = Release|Any CPU
		{2B5D7272-46A3-EAB0-478C-081F99B19403}.Debug|Any CPU.ActiveCfg = Debug|Any CPU
		{2B5D7272-46A3-EAB0-478C-081F99B19403}.Debug|Any CPU.Build.0 = Debug|Any CPU
		{2B5D7272-46A3-EAB0-478C-081F99B19403}.Release|Any CPU.ActiveCfg = Release|Any CPU
		{2B5D7272-46A3-EAB0-478C-081F99B19403}.Release|Any CPU.Build.0 = Release|Any CPU
		{4C4A590E-16B6-56E7-91D5-F4C6A72E3226}.Debug|Any CPU.ActiveCfg = Debug|Any CPU
		{4C4A590E-16B6-56E7-91D5-F4C6A72E3226}.Debug|Any CPU.Build.0 = Debug|Any CPU
		{4C4A590E-16B6-56E7-91D5-F4C6A72E3226}.Release|Any CPU.ActiveCfg = Release|Any CPU
		{4C4A590E-16B6-56E7-91D5-F4C6A72E3226}.Release|Any CPU.Build.0 = Release|Any CPU
		{6B808A7D-18DF-FAE0-C4E4-4F820FD5A4D5}.Debug|Any CPU.ActiveCfg = Debug|Any CPU
		{6B808A7D-18DF-FAE0-C4E4-4F820FD5A4D5}.Debug|Any CPU.Build.0 = Debug|Any CPU
		{6B808A7D-18DF-FAE0-C4E4-4F820FD5A4D5}.Release|Any CPU.ActiveCfg = Release|Any CPU
		{6B808A7D-18DF-FAE0-C4E4-4F820FD5A4D5}.Release|Any CPU.Build.0 = Release|Any CPU
		{832CA908-E0B0-D3BE-2014-5132D977EB3E}.Debug|Any CPU.ActiveCfg = Debug|Any CPU
		{832CA908-E0B0-D3BE-2014-5132D977EB3E}.Debug|Any CPU.Build.0 = Debug|Any CPU
		{832CA908-E0B0-D3BE-2014-5132D977EB3E}.Release|Any CPU.ActiveCfg = Release|Any CPU
		{832CA908-E0B0-D3BE-2014-5132D977EB3E}.Release|Any CPU.Build.0 = Release|Any CPU
		{35E6A321-D1C2-1937-2703-0A21FB020268}.Debug|Any CPU.ActiveCfg = Debug|Any CPU
		{35E6A321-D1C2-1937-2703-0A21FB020268}.Debug|Any CPU.Build.0 = Debug|Any CPU
		{35E6A321-D1C2-1937-2703-0A21FB020268}.Release|Any CPU.ActiveCfg = Release|Any CPU
		{35E6A321-D1C2-1937-2703-0A21FB020268}.Release|Any CPU.Build.0 = Release|Any CPU
		{90AA62DF-DBCA-DEA6-6752-9F974FF380FA}.Debug|Any CPU.ActiveCfg = Debug|Any CPU
		{90AA62DF-DBCA-DEA6-6752-9F974FF380FA}.Debug|Any CPU.Build.0 = Debug|Any CPU
		{90AA62DF-DBCA-DEA6-6752-9F974FF380FA}.Release|Any CPU.ActiveCfg = Release|Any CPU
		{90AA62DF-DBCA-DEA6-6752-9F974FF380FA}.Release|Any CPU.Build.0 = Release|Any CPU
		{6D94C48D-1486-4EC3-C183-C7A908709E16}.Debug|Any CPU.ActiveCfg = Debug|Any CPU
		{6D94C48D-1486-4EC3-C183-C7A908709E16}.Debug|Any CPU.Build.0 = Debug|Any CPU
		{6D94C48D-1486-4EC3-C183-C7A908709E16}.Release|Any CPU.ActiveCfg = Release|Any CPU
		{6D94C48D-1486-4EC3-C183-C7A908709E16}.Release|Any CPU.Build.0 = Release|Any CPU
		{77565A20-18B4-2188-47CD-28F604BD3C3A}.Debug|Any CPU.ActiveCfg = Debug|Any CPU
		{77565A20-18B4-2188-47CD-28F604BD3C3A}.Debug|Any CPU.Build.0 = Debug|Any CPU
		{77565A20-18B4-2188-47CD-28F604BD3C3A}.Release|Any CPU.ActiveCfg = Release|Any CPU
		{77565A20-18B4-2188-47CD-28F604BD3C3A}.Release|Any CPU.Build.0 = Release|Any CPU
		{0174A5FC-1994-3362-632E-20749F21B7FB}.Debug|Any CPU.ActiveCfg = Debug|Any CPU
		{0174A5FC-1994-3362-632E-20749F21B7FB}.Debug|Any CPU.Build.0 = Debug|Any CPU
		{0174A5FC-1994-3362-632E-20749F21B7FB}.Release|Any CPU.ActiveCfg = Release|Any CPU
		{0174A5FC-1994-3362-632E-20749F21B7FB}.Release|Any CPU.Build.0 = Release|Any CPU
		{638A2214-C365-6E1B-9389-B478696A9D9A}.Debug|Any CPU.ActiveCfg = Debug|Any CPU
		{638A2214-C365-6E1B-9389-B478696A9D9A}.Debug|Any CPU.Build.0 = Debug|Any CPU
		{638A2214-C365-6E1B-9389-B478696A9D9A}.Release|Any CPU.ActiveCfg = Release|Any CPU
		{638A2214-C365-6E1B-9389-B478696A9D9A}.Release|Any CPU.Build.0 = Release|Any CPU
		{E433264C-90A9-8956-2A99-C19A2E069752}.Debug|Any CPU.ActiveCfg = Debug|Any CPU
		{E433264C-90A9-8956-2A99-C19A2E069752}.Debug|Any CPU.Build.0 = Debug|Any CPU
		{E433264C-90A9-8956-2A99-C19A2E069752}.Release|Any CPU.ActiveCfg = Release|Any CPU
		{E433264C-90A9-8956-2A99-C19A2E069752}.Release|Any CPU.Build.0 = Release|Any CPU
		{274538A6-AA31-5A2C-5A22-CE3272635AD0}.Debug|Any CPU.ActiveCfg = Debug|Any CPU
		{274538A6-AA31-5A2C-5A22-CE3272635AD0}.Debug|Any CPU.Build.0 = Debug|Any CPU
		{274538A6-AA31-5A2C-5A22-CE3272635AD0}.Release|Any CPU.ActiveCfg = Release|Any CPU
		{274538A6-AA31-5A2C-5A22-CE3272635AD0}.Release|Any CPU.Build.0 = Release|Any CPU
		{CEA08D79-D8E6-53F1-766F-D3116D2A5A24}.Debug|Any CPU.ActiveCfg = Debug|Any CPU
		{CEA08D79-D8E6-53F1-766F-D3116D2A5A24}.Debug|Any CPU.Build.0 = Debug|Any CPU
		{CEA08D79-D8E6-53F1-766F-D3116D2A5A24}.Release|Any CPU.ActiveCfg = Release|Any CPU
		{CEA08D79-D8E6-53F1-766F-D3116D2A5A24}.Release|Any CPU.Build.0 = Release|Any CPU
		{F7C6CF49-17DD-01C5-202C-47A59BC2F204}.Debug|Any CPU.ActiveCfg = Debug|Any CPU
		{F7C6CF49-17DD-01C5-202C-47A59BC2F204}.Debug|Any CPU.Build.0 = Debug|Any CPU
		{F7C6CF49-17DD-01C5-202C-47A59BC2F204}.Release|Any CPU.ActiveCfg = Release|Any CPU
		{F7C6CF49-17DD-01C5-202C-47A59BC2F204}.Release|Any CPU.Build.0 = Release|Any CPU
		{5B167A50-3A65-97A6-D75A-2A836784DFEB}.Debug|Any CPU.ActiveCfg = Debug|Any CPU
		{5B167A50-3A65-97A6-D75A-2A836784DFEB}.Debug|Any CPU.Build.0 = Debug|Any CPU
		{5B167A50-3A65-97A6-D75A-2A836784DFEB}.Release|Any CPU.ActiveCfg = Release|Any CPU
		{5B167A50-3A65-97A6-D75A-2A836784DFEB}.Release|Any CPU.Build.0 = Release|Any CPU
		{99B7E4DC-C9A7-8594-CF1D-836584C532CE}.Debug|Any CPU.ActiveCfg = Debug|Any CPU
		{99B7E4DC-C9A7-8594-CF1D-836584C532CE}.Debug|Any CPU.Build.0 = Debug|Any CPU
		{99B7E4DC-C9A7-8594-CF1D-836584C532CE}.Release|Any CPU.ActiveCfg = Release|Any CPU
		{99B7E4DC-C9A7-8594-CF1D-836584C532CE}.Release|Any CPU.Build.0 = Release|Any CPU
		{3D2BB496-55B2-868B-84F6-CB9C6EBD541A}.Debug|Any CPU.ActiveCfg = Debug|Any CPU
		{3D2BB496-55B2-868B-84F6-CB9C6EBD541A}.Debug|Any CPU.Build.0 = Debug|Any CPU
		{3D2BB496-55B2-868B-84F6-CB9C6EBD541A}.Release|Any CPU.ActiveCfg = Release|Any CPU
		{3D2BB496-55B2-868B-84F6-CB9C6EBD541A}.Release|Any CPU.Build.0 = Release|Any CPU
		{146AD7BD-CD8C-5ABE-ACAC-313C48705C9D}.Debug|Any CPU.ActiveCfg = Debug|Any CPU
		{146AD7BD-CD8C-5ABE-ACAC-313C48705C9D}.Debug|Any CPU.Build.0 = Debug|Any CPU
		{146AD7BD-CD8C-5ABE-ACAC-313C48705C9D}.Release|Any CPU.ActiveCfg = Release|Any CPU
		{146AD7BD-CD8C-5ABE-ACAC-313C48705C9D}.Release|Any CPU.Build.0 = Release|Any CPU
		{21D09AEF-5D74-786F-26E7-2F1AD5B6393A}.Debug|Any CPU.ActiveCfg = Debug|Any CPU
		{21D09AEF-5D74-786F-26E7-2F1AD5B6393A}.Debug|Any CPU.Build.0 = Debug|Any CPU
		{21D09AEF-5D74-786F-26E7-2F1AD5B6393A}.Release|Any CPU.ActiveCfg = Release|Any CPU
		{21D09AEF-5D74-786F-26E7-2F1AD5B6393A}.Release|Any CPU.Build.0 = Release|Any CPU
		{B4904336-3E6D-71E8-22CF-35EEAD21A634}.Debug|Any CPU.ActiveCfg = Debug|Any CPU
		{B4904336-3E6D-71E8-22CF-35EEAD21A634}.Debug|Any CPU.Build.0 = Debug|Any CPU
		{B4904336-3E6D-71E8-22CF-35EEAD21A634}.Release|Any CPU.ActiveCfg = Release|Any CPU
		{B4904336-3E6D-71E8-22CF-35EEAD21A634}.Release|Any CPU.Build.0 = Release|Any CPU
		{7E09A0C9-678C-B953-DDA0-2A24C8707887}.Debug|Any CPU.ActiveCfg = Debug|Any CPU
		{7E09A0C9-678C-B953-DDA0-2A24C8707887}.Debug|Any CPU.Build.0 = Debug|Any CPU
		{7E09A0C9-678C-B953-DDA0-2A24C8707887}.Release|Any CPU.ActiveCfg = Release|Any CPU
		{7E09A0C9-678C-B953-DDA0-2A24C8707887}.Release|Any CPU.Build.0 = Release|Any CPU
		{CAA3A4BC-8111-2EDD-513B-C004475C5474}.Debug|Any CPU.ActiveCfg = Debug|Any CPU
		{CAA3A4BC-8111-2EDD-513B-C004475C5474}.Debug|Any CPU.Build.0 = Debug|Any CPU
		{CAA3A4BC-8111-2EDD-513B-C004475C5474}.Release|Any CPU.ActiveCfg = Release|Any CPU
		{CAA3A4BC-8111-2EDD-513B-C004475C5474}.Release|Any CPU.Build.0 = Release|Any CPU
		{BA9438B4-E812-3F63-2C51-1C521E48ADD9}.Debug|Any CPU.ActiveCfg = Debug|Any CPU
		{BA9438B4-E812-3F63-2C51-1C521E48ADD9}.Debug|Any CPU.Build.0 = Debug|Any CPU
		{BA9438B4-E812-3F63-2C51-1C521E48ADD9}.Release|Any CPU.ActiveCfg = Release|Any CPU
		{BA9438B4-E812-3F63-2C51-1C521E48ADD9}.Release|Any CPU.Build.0 = Release|Any CPU
		{436C86EF-22CE-A4CB-2999-F4C13AEE75BC}.Debug|Any CPU.ActiveCfg = Debug|Any CPU
		{436C86EF-22CE-A4CB-2999-F4C13AEE75BC}.Debug|Any CPU.Build.0 = Debug|Any CPU
		{436C86EF-22CE-A4CB-2999-F4C13AEE75BC}.Release|Any CPU.ActiveCfg = Release|Any CPU
		{436C86EF-22CE-A4CB-2999-F4C13AEE75BC}.Release|Any CPU.Build.0 = Release|Any CPU
		{188B04DC-585E-DC0A-C891-F7ECA2B36C42}.Debug|Any CPU.ActiveCfg = Debug|Any CPU
		{188B04DC-585E-DC0A-C891-F7ECA2B36C42}.Debug|Any CPU.Build.0 = Debug|Any CPU
		{188B04DC-585E-DC0A-C891-F7ECA2B36C42}.Release|Any CPU.ActiveCfg = Release|Any CPU
		{188B04DC-585E-DC0A-C891-F7ECA2B36C42}.Release|Any CPU.Build.0 = Release|Any CPU
		{D7EBAEB9-FB40-DFCC-273D-887340606177}.Debug|Any CPU.ActiveCfg = Debug|Any CPU
		{D7EBAEB9-FB40-DFCC-273D-887340606177}.Debug|Any CPU.Build.0 = Debug|Any CPU
		{D7EBAEB9-FB40-DFCC-273D-887340606177}.Release|Any CPU.ActiveCfg = Release|Any CPU
		{D7EBAEB9-FB40-DFCC-273D-887340606177}.Release|Any CPU.Build.0 = Release|Any CPU
	EndGlobalSection
	GlobalSection(SolutionProperties) = preSolution
		HideSolutionNode = FALSE
	EndGlobalSection
EndGlobal
